{
  "name": "advanced-calculus-toolkit",
  "version": "1.0.0",
  "lockfileVersion": 3,
  "requires": true,
  "packages": {
    "": {
      "name": "advanced-calculus-toolkit",
      "version": "1.0.0",
      "license": "ISC",
      "dependencies": {
        "math-kit": "^0.16.25"
      }
    },
    "node_modules/math-kit": {
      "version": "0.16.25",
      "resolved": "https://registry.npmjs.org/math-kit/-/math-kit-0.16.25.tgz",
      "integrity": "sha512-mfLwyG4Gdwt0jm4sgw/8Pbi5H6FaYaxC2ZtE9sFqEsfiXmHqDyQ1H+UseHeg5a6aT6vWjbbJmS/7OQqQaBbchA==",
      "engines": {
        "node": ">=6.0.0"
      }
    }
  }
}
